Microsoft Visual Studio Solution File, Format Version 11.00
# Visual Studio 2008

Project("{09C15D2D-3482-5AEA-0D93-DDBB49A84DAD}") = "Cubeloid 2013", "Assembly-CSharp-firstpass-vs.csproj", "{35B28CF0-FDAC-E94A-C23F-1718B49FA44D}"
EndProject
Project("{09C15D2D-3482-5AEA-0D93-DDBB49A84DAD}") = "Cubeloid 2013", "Assembly-CSharp-vs.csproj", "{8EA57013-40F8-7748-F878-7EF06E5C94E6}"
EndProject
Global
	GlobalSection(SolutionConfigurationPlatforms) = preSolution
		Debug|Any CPU = Debug|Any CPU
		Release|Any CPU = Release|Any CPU
	EndGlobalSection
	GlobalSection(ProjectConfigurationPlatforms) = postSolution
		{35B28CF0-FDAC-E94A-C23F-1718B49FA44D}.Debug|Any CPU.ActiveCfg = Debug|Any CPU
		{35B28CF0-FDAC-E94A-C23F-1718B49FA44D}.Debug|Any CPU.Build.0 = Debug|Any CPU
		{35B28CF0-FDAC-E94A-C23F-1718B49FA44D}.Release|Any CPU.ActiveCfg = Release|Any CPU
		{35B28CF0-FDAC-E94A-C23F-1718B49FA44D}.Release|Any CPU.Build.0 = Release|Any CPU
		{8EA57013-40F8-7748-F878-7EF06E5C94E6}.Debug|Any CPU.ActiveCfg = Debug|Any CPU
		{8EA57013-40F8-7748-F878-7EF06E5C94E6}.Debug|Any CPU.Build.0 = Debug|Any CPU
		{8EA57013-40F8-7748-F878-7EF06E5C94E6}.Release|Any CPU.ActiveCfg = Release|Any CPU
		{8EA57013-40F8-7748-F878-7EF06E5C94E6}.Release|Any CPU.Build.0 = Release|Any CPU
	EndGlobalSection
	GlobalSection(SolutionProperties) = preSolution
		HideSolutionNode = FALSE
	EndGlobalSection
																																																																																																																																						GlobalSection(MonoDevelopProperties) = preSolution
		StartupItem = Assembly-CSharp.csproj
		Policies = $0
		$0.TextStylePolicy = $1
		$1.inheritsSet = null
		$1.scope = text/x-csharp
		$0.CSharpFormattingPolicy = $2
		$2.inheritsSet = Mono
		$2.inheritsScope = text/x-csharp
		$2.scope = text/x-csharp
		$0.TextStylePolicy = $3
		$3.FileWidth = 120
		$3.TabWidth = 4
		$3.EolMarker = Unix
		$3.inheritsSet = Mono
		$3.inheritsScope = text/plain
		$3.scope = text/plain
	EndGlobalSection

EndGlobal
